
Microsoft Visual Studio Solution File, Format Version 12.00
# Visual Studio 14
VisualStudioVersion = 14.0.25123.0
MinimumVisualStudioVersion = 10.0.40219.1
Project("{FAE04EC0-301F-11D3-BF4B-00C04F79EFBC}") = "ShopifyTest", "ShopifyTest\ShopifyTest.csproj", "{4E629EEF-3879-4595-BDF3-31AA082935F8}"
EndProject
Project("{FAE04EC0-301F-11D3-BF4B-00C04F79EFBC}") = "AkTech.ShopifyRest", "ShopifyRest\AkTech.ShopifyRest.csproj", "{29E3464F-2A28-4CAB-A3A6-D591FE247F5D}"
EndProject
Global
	GlobalSection(SolutionConfigurationPlatforms) = preSolution
		Debug|Any CPU = Debug|Any CPU
		Release|Any CPU = Release|Any CPU
	EndGlobalSection
	GlobalSection(ProjectConfigurationPlatforms) = postSolution
		{4E629EEF-3879-4595-BDF3-31AA082935F8}.Debug|Any CPU.ActiveCfg = Debug|Any CPU
		{4E629EEF-3879-4595-BDF3-31AA082935F8}.Debug|Any CPU.Build.0 = Debug|Any CPU
		{4E629EEF-3879-4595-BDF3-31AA082935F8}.Release|Any CPU.ActiveCfg = Release|Any CPU
		{4E629EEF-3879-4595-BDF3-31AA082935F8}.Release|Any CPU.Build.0 = Release|Any CPU
		{29E3464F-2A28-4CAB-A3A6-D591FE247F5D}.Debug|Any CPU.ActiveCfg = Debug|Any CPU
		{29E3464F-2A28-4CAB-A3A6-D591FE247F5D}.Debug|Any CPU.Build.0 = Debug|Any CPU
		{29E3464F-2A28-4CAB-A3A6-D591FE247F5D}.Release|Any CPU.ActiveCfg = Release|Any CPU
		{29E3464F-2A28-4CAB-A3A6-D591FE247F5D}.Release|Any CPU.Build.0 = Release|Any CPU
	EndGlobalSection
	GlobalSection(SolutionProperties) = preSolution
		HideSolutionNode = FALSE
	EndGlobalSection
EndGlobal
